// !$*UTF8*$!
{
	archiveVersion = 1;
	classes = {
	};
	objectVersion = 77;
	objects = {

/* Begin PBXBuildFile section */
		E97CFF1C2E0C446900A1C965 /* FactoryKit in Frameworks */ = {isa = PBXBuildFile; productRef = E97CFF1B2E0C446900A1C965 /* FactoryKit */; };
		E9E558902E0F3E3D0060C501 /* FactoryKit in Frameworks */ = {isa = PBXBuildFile; productRef = E9E5588F2E0F3E3D0060C501 /* FactoryKit */; };
		E9E558922E0F3E410060C501 /* FactoryKit in Frameworks */ = {isa = PBXBuildFile; productRef = E9E558912E0F3E410060C501 /* FactoryKit */; };
/* End PBXBuildFile section */

/* Begin PBXContainerItemProxy section */
		E9FB94102E0C1BAF00196680 /* PBXContainerItemProxy */ = {
			isa = PBXContainerItemProxy;
			containerPortal = E9FB93F92E0C1BAE00196680 /* Project object */;
			proxyType = 1;
			remoteGlobalIDString = E9FB94002E0C1BAE00196680;
			remoteInfo = TestLydia;
		};
		E9FB941A2E0C1BAF00196680 /* PBXContainerItemProxy */ = {
			isa = PBXContainerItemProxy;
			containerPortal = E9FB93F92E0C1BAE00196680 /* Project object */;
			proxyType = 1;
			remoteGlobalIDString = E9FB94002E0C1BAE00196680;
			remoteInfo = TestLydia;
		};
/* End PBXContainerItemProxy section */

/* Begin PBXFileReference section */
		E9FB94012E0C1BAE00196680 /* TestLydia.app */ = {isa = PBXFileReference; explicitFileType = wrapper.application; includeInIndex = 0; path = TestLydia.app; sourceTree = BUILT_PRODUCTS_DIR; };
		E9FB940F2E0C1BAF00196680 /* TestLydiaTests.xctest */ = {isa = PBXFileReference; explicitFileType = wrapper.cfbundle; includeInIndex = 0; path = TestLydiaTests.xctest; sourceTree = BUILT_PRODUCTS_DIR; };
		E9FB94192E0C1BAF00196680 /* TestLydiaUITests.xctest */ = {isa = PBXFileReference; explicitFileType = wrapper.cfbundle; includeInIndex = 0; path = TestLydiaUITests.xctest; sourceTree = BUILT_PRODUCTS_DIR; };
/* End PBXFileReference section */

/* Begin PBXFileSystemSynchronizedRootGroup section */
		E9FB94032E0C1BAE00196680 /* TestLydia */ = {
			isa = PBXFileSystemSynchronizedRootGroup;
			path = TestLydia;
			sourceTree = "<group>";
		};
		E9FB94122E0C1BAF00196680 /* TestLydiaTests */ = {
			isa = PBXFileSystemSynchronizedRootGroup;
			path = TestLydiaTests;
			sourceTree = "<group>";
		};
		E9FB941C2E0C1BAF00196680 /* TestLydiaUITests */ = {
			isa = PBXFileSystemSynchronizedRootGroup;
			path = TestLydiaUITests;
			sourceTree = "<group>";
		};
/* End PBXFileSystemSynchronizedRootGroup section */

/* Begin PBXFrameworksBuildPhase section */
		E9FB93FE2E0C1BAE00196680 /* Frameworks */ = {
			isa = PBXFrameworksBuildPhase;
			buildActionMask = 2147483647;
			files = (
				E97CFF1C2E0C446900A1C965 /* FactoryKit in Frameworks */,
			);
			runOnlyForDeploymentPostprocessing = 0;
		};
		E9FB940C2E0C1BAF00196680 /* Frameworks */ = {
			isa = PBXFrameworksBuildPhase;
			buildActionMask = 2147483647;
			files = (
				E9E558922E0F3E410060C501 /* FactoryKit in Frameworks */,
			);
			runOnlyForDeploymentPostprocessing = 0;
		};
		E9FB94162E0C1BAF00196680 /* Frameworks */ = {
			isa = PBXFrameworksBuildPhase;
			buildActionMask = 2147483647;
			files = (
				E9E558902E0F3E3D0060C501 /* FactoryKit in Frameworks */,
			);
			runOnlyForDeploymentPostprocessing = 0;
		};
/* End PBXFrameworksBuildPhase section */

/* Begin PBXGroup section */
		E9E558652E0F3D0F0060C501 /* Frameworks */ = {
			isa = PBXGroup;
			children = (
			);
			name = Frameworks;
			sourceTree = "<group>";
		};
		E9FB93F82E0C1BAE00196680 = {
			isa = PBXGroup;
			children = (
				E9FB94032E0C1BAE00196680 /* TestLydia */,
				E9FB94122E0C1BAF00196680 /* TestLydiaTests */,
				E9FB941C2E0C1BAF00196680 /* TestLydiaUITests */,
				E9E558652E0F3D0F0060C501 /* Frameworks */,
				E9FB94022E0C1BAE00196680 /* Products */,
			);
			sourceTree = "<group>";
		};
		E9FB94022E0C1BAE00196680 /* Products */ = {
			isa = PBXGroup;
			children = (
				E9FB94012E0C1BAE00196680 /* TestLydia.app */,
				E9FB940F2E0C1BAF00196680 /* TestLydiaTests.xctest */,
				E9FB94192E0C1BAF00196680 /* TestLydiaUITests.xctest */,
			);
			name = Products;
			sourceTree = "<group>";
		};
/* End PBXGroup section */

/* Begin PBXNativeTarget section */
		E9FB94002E0C1BAE00196680 /* TestLydia */ = {
			isa = PBXNativeTarget;
			buildConfigurationList = E9FB94232E0C1BAF00196680 /* Build configuration list for PBXNativeTarget "TestLydia" */;
			buildPhases = (
				E9FB93FD2E0C1BAE00196680 /* Sources */,
				E9FB93FE2E0C1BAE00196680 /* Frameworks */,
				E9FB93FF2E0C1BAE00196680 /* Resources */,
			);
			buildRules = (
			);
			dependencies = (
			);
			fileSystemSynchronizedGroups = (
				E9FB94032E0C1BAE00196680 /* TestLydia */,
			);
			name = TestLydia;
			packageProductDependencies = (
				E97CFF1B2E0C446900A1C965 /* FactoryKit */,
			);
			productName = TestLydia;
			productReference = E9FB94012E0C1BAE00196680 /* TestLydia.app */;
			productType = "com.apple.product-type.application";
		};
		E9FB940E2E0C1BAF00196680 /* TestLydiaTests */ = {
			isa = PBXNativeTarget;
			buildConfigurationList = E9FB94262E0C1BAF00196680 /* Build configuration list for PBXNativeTarget "TestLydiaTests" */;
			buildPhases = (
				E9FB940B2E0C1BAF00196680 /* Sources */,
				E9FB940C2E0C1BAF00196680 /* Frameworks */,
				E9FB940D2E0C1BAF00196680 /* Resources */,
			);
			buildRules = (
			);
			dependencies = (
				E9FB94112E0C1BAF00196680 /* PBXTargetDependency */,
			);
			fileSystemSynchronizedGroups = (
				E9FB94122E0C1BAF00196680 /* TestLydiaTests */,
			);
			name = TestLydiaTests;
			packageProductDependencies = (
				E9E558912E0F3E410060C501 /* FactoryKit */,
			);
			productName = TestLydiaTests;
			productReference = E9FB940F2E0C1BAF00196680 /* TestLydiaTests.xctest */;
			productType = "com.apple.product-type.bundle.unit-test";
		};
		E9FB94182E0C1BAF00196680 /* TestLydiaUITests */ = {
			isa = PBXNativeTarget;
			buildConfigurationList = E9FB94292E0C1BAF00196680 /* Build configuration list for PBXNativeTarget "TestLydiaUITests" */;
			buildPhases = (
				E9FB94152E0C1BAF00196680 /* Sources */,
				E9FB94162E0C1BAF00196680 /* Frameworks */,
				E9FB94172E0C1BAF00196680 /* Resources */,
			);
			buildRules = (
			);
			dependencies = (
				E9FB941B2E0C1BAF00196680 /* PBXTargetDependency */,
			);
			fileSystemSynchronizedGroups = (
				E9FB941C2E0C1BAF00196680 /* TestLydiaUITests */,
			);
			name = TestLydiaUITests;
			packageProductDependencies = (
				E9E5588F2E0F3E3D0060C501 /* FactoryKit */,
			);
			productName = TestLydiaUITests;
			productReference = E9FB94192E0C1BAF00196680 /* TestLydiaUITests.xctest */;
			productType = "com.apple.product-type.bundle.ui-testing";
		};
/* End PBXNativeTarget section */

/* Begin PBXProject section */
		E9FB93F92E0C1BAE00196680 /* Project object */ = {
			isa = PBXProject;
			attributes = {
				BuildIndependentTargetsInParallel = 1;
				LastSwiftUpdateCheck = 1640;
				LastUpgradeCheck = 1640;
				TargetAttributes = {
					E9FB94002E0C1BAE00196680 = {
						CreatedOnToolsVersion = 16.4;
						LastSwiftMigration = 1640;
					};
					E9FB940E2E0C1BAF00196680 = {
						CreatedOnToolsVersion = 16.4;
						TestTargetID = E9FB94002E0C1BAE00196680;
					};
					E9FB94182E0C1BAF00196680 = {
						CreatedOnToolsVersion = 16.4;
						TestTargetID = E9FB94002E0C1BAE00196680;
					};
				};
			};
			buildConfigurationList = E9FB93FC2E0C1BAE00196680 /* Build configuration list for PBXProject "TestLydia" */;
			developmentRegion = en;
			hasScannedForEncodings = 0;
			knownRegions = (
				en,
				Base,
			);
			mainGroup = E9FB93F82E0C1BAE00196680;
			minimizedProjectReferenceProxies = 1;
			packageReferences = (
				E97CFF172E0C40D200A1C965 /* XCRemoteSwiftPackageReference "Factory" */,
			);
			preferredProjectObjectVersion = 77;
			productRefGroup = E9FB94022E0C1BAE00196680 /* Products */;
			projectDirPath = "";
			projectRoot = "";
			targets = (
				E9FB94002E0C1BAE00196680 /* TestLydia */,
				E9FB940E2E0C1BAF00196680 /* TestLydiaTests */,
				E9FB94182E0C1BAF00196680 /* TestLydiaUITests */,
			);
		};
/* End PBXProject section */

/* Begin PBXResourcesBuildPhase section */
		E9FB93FF2E0C1BAE00196680 /* Resources */ = {
			isa = PBXResourcesBuildPhase;
			buildActionMask = 2147483647;
			files = (
			);
			runOnlyForDeploymentPostprocessing = 0;
		};
		E9FB940D2E0C1BAF00196680 /* Resources */ = {
			isa = PBXResourcesBuildPhase;
			buildActionMask = 2147483647;
			files = (
			);
			runOnlyForDeploymentPostprocessing = 0;
		};
		E9FB94172E0C1BAF00196680 /* Resources */ = {
			isa = PBXResourcesBuildPhase;
			buildActionMask = 2147483647;
			files = (
			);
			runOnlyForDeploymentPostprocessing = 0;
		};
/* End PBXResourcesBuildPhase section */

/* Begin PBXSourcesBuildPhase section */
		E9FB93FD2E0C1BAE00196680 /* Sources */ = {
			isa = PBXSourcesBuildPhase;
			buildActionMask = 2147483647;
			files = (
			);
			runOnlyForDeploymentPostprocessing = 0;
		};
		E9FB940B2E0C1BAF00196680 /* Sources */ = {
			isa = PBXSourcesBuildPhase;
			buildActionMask = 2147483647;
			files = (
			);
			runOnlyForDeploymentPostprocessing = 0;
		};
		E9FB94152E0C1BAF00196680 /* Sources */ = {
			isa = PBXSourcesBuildPhase;
			buildActionMask = 2147483647;
			files = (
			);
			runOnlyForDeploymentPostprocessing = 0;
		};
/* End PBXSourcesBuildPhase section */

/* Begin PBXTargetDependency section */
		E9FB94112E0C1BAF00196680 /* PBXTargetDependency */ = {
			isa = PBXTargetDependency;
			target = E9FB94002E0C1BAE00196680 /* TestLydia */;
			targetProxy = E9FB94102E0C1BAF00196680 /* PBXContainerItemProxy */;
		};
		E9FB941B2E0C1BAF00196680 /* PBXTargetDependency */ = {
			isa = PBXTargetDependency;
			target = E9FB94002E0C1BAE00196680 /* TestLydia */;
			targetProxy = E9FB941A2E0C1BAF00196680 /* PBXContainerItemProxy */;
		};
/* End PBXTargetDependency section */

/* Begin XCBuildConfiguration section */
		E9FB94212E0C1BAF00196680 /* Debug */ = {
			isa = XCBuildConfiguration;
			buildSettings = {
				ALWAYS_SEARCH_USER_PATHS = NO;
				ASSETCATALOG_COMPILER_GENERATE_SWIFT_ASSET_SYMBOL_EXTENSIONS = YES;
				CLANG_ANALYZER_NONNULL = YES;
				CLANG_ANALYZER_NUMBER_OBJECT_CONVERSION = YES_AGGRESSIVE;
				CLANG_CXX_LANGUAGE_STANDARD = "gnu++20";
				CLANG_ENABLE_MODULES = YES;
				CLANG_ENABLE_OBJC_ARC = YES;
				CLANG_ENABLE_OBJC_WEAK = YES;
				CLANG_WARN_BLOCK_CAPTURE_AUTORELEASING = YES;
				CLANG_WARN_BOOL_CONVERSION = YES;
				CLANG_WARN_COMMA = YES;
				CLANG_WARN_CONSTANT_CONVERSION = YES;
				CLANG_WARN_DEPRECATED_OBJC_IMPLEMENTATIONS = YES;
				CLANG_WARN_DIRECT_OBJC_ISA_USAGE = YES_ERROR;
				CLANG_WARN_DOCUMENTATION_COMMENTS = YES;
				CLANG_WARN_EMPTY_BODY = YES;
				CLANG_WARN_ENUM_CONVERSION = YES;
				CLANG_WARN_INFINITE_RECURSION = YES;
				CLANG_WARN_INT_CONVERSION = YES;
				CLANG_WARN_NON_LITERAL_NULL_CONVERSION = YES;
				CLANG_WARN_OBJC_IMPLICIT_RETAIN_SELF = YES;
				CLANG_WARN_OBJC_LITERAL_CONVERSION = YES;
				CLANG_WARN_OBJC_ROOT_CLASS = YES_ERROR;
				CLANG_WARN_QUOTED_INCLUDE_IN_FRAMEWORK_HEADER = YES;
				CLANG_WARN_RANGE_LOOP_ANALYSIS = YES;
				CLANG_WARN_STRICT_PROTOTYPES = YES;
				CLANG_WARN_SUSPICIOUS_MOVE = YES;
				CLANG_WARN_UNGUARDED_AVAILABILITY = YES_AGGRESSIVE;
				CLANG_WARN_UNREACHABLE_CODE = YES;
				CLANG_WARN__DUPLICATE_METHOD_MATCH = YES;
				COPY_PHASE_STRIP = NO;
				DEAD_CODE_STRIPPING = YES;
				DEBUG_INFORMATION_FORMAT = dwarf;
				DEVELOPMENT_TEAM = 868NW64LNM;
				ENABLE_STRICT_OBJC_MSGSEND = YES;
				ENABLE_TESTABILITY = YES;
				ENABLE_USER_SCRIPT_SANDBOXING = YES;
				GCC_C_LANGUAGE_STANDARD = gnu17;
				GCC_DYNAMIC_NO_PIC = NO;
				GCC_NO_COMMON_BLOCKS = YES;
				GCC_OPTIMIZATION_LEVEL = 0;
				GCC_PREPROCESSOR_DEFINITIONS = (
					"DEBUG=1",
					"$(inherited)",
				);
				GCC_WARN_64_TO_32_BIT_CONVERSION = YES;
				GCC_WARN_ABOUT_RETURN_TYPE = YES_ERROR;
				GCC_WARN_UNDECLARED_SELECTOR = YES;
				GCC_WARN_UNINITIALIZED_AUTOS = YES_AGGRESSIVE;
				GCC_WARN_UNUSED_FUNCTION = YES;
				GCC_WARN_UNUSED_VARIABLE = YES;
				LOCALIZATION_PREFERS_STRING_CATALOGS = YES;
				MTL_ENABLE_DEBUG_INFO = INCLUDE_SOURCE;
				MTL_FAST_MATH = YES;
				ONLY_ACTIVE_ARCH = YES;
				SWIFT_ACTIVE_COMPILATION_CONDITIONS = "DEBUG $(inherited)";
				SWIFT_OPTIMIZATION_LEVEL = "-Onone";
			};
			name = Debug;
		};
		E9FB94222E0C1BAF00196680 /* Release */ = {
			isa = XCBuildConfiguration;
			buildSettings = {
				ALWAYS_SEARCH_USER_PATHS = NO;
				ASSETCATALOG_COMPILER_GENERATE_SWIFT_ASSET_SYMBOL_EXTENSIONS = YES;
				CLANG_ANALYZER_NONNULL = YES;
				CLANG_ANALYZER_NUMBER_OBJECT_CONVERSION = YES_AGGRESSIVE;
				CLANG_CXX_LANGUAGE_STANDARD = "gnu++20";
				CLANG_ENABLE_MODULES = YES;
				CLANG_ENABLE_OBJC_ARC = YES;
				CLANG_ENABLE_OBJC_WEAK = YES;
				CLANG_WARN_BLOCK_CAPTURE_AUTORELEASING = YES;
				CLANG_WARN_BOOL_CONVERSION = YES;
				CLANG_WARN_COMMA = YES;
				CLANG_WARN_CONSTANT_CONVERSION = YES;
				CLANG_WARN_DEPRECATED_OBJC_IMPLEMENTATIONS = YES;
				CLANG_WARN_DIRECT_OBJC_ISA_USAGE = YES_ERROR;
				CLANG_WARN_DOCUMENTATION_COMMENTS = YES;
				CLANG_WARN_EMPTY_BODY = YES;
				CLANG_WARN_ENUM_CONVERSION = YES;
				CLANG_WARN_INFINITE_RECURSION = YES;
				CLANG_WARN_INT_CONVERSION = YES;
				CLANG_WARN_NON_LITERAL_NULL_CONVERSION = YES;
				CLANG_WARN_OBJC_IMPLICIT_RETAIN_SELF = YES;
				CLANG_WARN_OBJC_LITERAL_CONVERSION = YES;
				CLANG_WARN_OBJC_ROOT_CLASS = YES_ERROR;
				CLANG_WARN_QUOTED_INCLUDE_IN_FRAMEWORK_HEADER = YES;
				CLANG_WARN_RANGE_LOOP_ANALYSIS = YES;
				CLANG_WARN_STRICT_PROTOTYPES = YES;
				CLANG_WARN_SUSPICIOUS_MOVE = YES;
				CLANG_WARN_UNGUARDED_AVAILABILITY = YES_AGGRESSIVE;
				CLANG_WARN_UNREACHABLE_CODE = YES;
				CLANG_WARN__DUPLICATE_METHOD_MATCH = YES;
				COPY_PHASE_STRIP = NO;
				DEAD_CODE_STRIPPING = YES;
				DEBUG_INFORMATION_FORMAT = "dwarf-with-dsym";
				DEVELOPMENT_TEAM = 868NW64LNM;
				ENABLE_NS_ASSERTIONS = NO;
				ENABLE_STRICT_OBJC_MSGSEND = YES;
				ENABLE_USER_SCRIPT_SANDBOXING = YES;
				GCC_C_LANGUAGE_STANDARD = gnu17;
				GCC_NO_COMMON_BLOCKS = YES;
				GCC_WARN_64_TO_32_BIT_CONVERSION = YES;
				GCC_WARN_ABOUT_RETURN_TYPE = YES_ERROR;
				GCC_WARN_UNDECLARED_SELECTOR = YES;
				GCC_WARN_UNINITIALIZED_AUTOS = YES_AGGRESSIVE;
				GCC_WARN_UNUSED_FUNCTION = YES;
				GCC_WARN_UNUSED_VARIABLE = YES;
				LOCALIZATION_PREFERS_STRING_CATALOGS = YES;
				MTL_ENABLE_DEBUG_INFO = NO;
				MTL_FAST_MATH = YES;
				SWIFT_COMPILATION_MODE = wholemodule;
			};
			name = Release;
		};
		E9FB94242E0C1BAF00196680 /* Debug */ = {
			isa = XCBuildConfiguration;
			buildSettings = {
				ASSETCATALOG_COMPILER_APPICON_NAME = AppIcon;
				ASSETCATALOG_COMPILER_GLOBAL_ACCENT_COLOR_NAME = AccentColor;
				CLANG_ENABLE_MODULES = YES;
				CODE_SIGN_ENTITLEMENTS = TestLydia/TestLydia.entitlements;
				CODE_SIGN_STYLE = Automatic;
				CURRENT_PROJECT_VERSION = 1;
				DEAD_CODE_STRIPPING = YES;
				DEVELOPMENT_TEAM = 868NW64LNM;
				ENABLE_HARDENED_RUNTIME = NO;
				ENABLE_PREVIEWS = YES;
				GENERATE_INFOPLIST_FILE = YES;
				"INFOPLIST_KEY_UIApplicationSupportsIndirectInputEvents[sdk=iphoneos*]" = YES;
				"INFOPLIST_KEY_UIApplicationSupportsIndirectInputEvents[sdk=iphonesimulator*]" = YES;
				"INFOPLIST_KEY_UILaunchScreen_Generation[sdk=iphoneos*]" = YES;
				"INFOPLIST_KEY_UILaunchScreen_Generation[sdk=iphonesimulator*]" = YES;
				"INFOPLIST_KEY_UIStatusBarStyle[sdk=iphoneos*]" = UIStatusBarStyleDefault;
				"INFOPLIST_KEY_UIStatusBarStyle[sdk=iphonesimulator*]" = UIStatusBarStyleDefault;
				INFOPLIST_KEY_UISupportedInterfaceOrientations = UIInterfaceOrientationPortrait;
				INFOPLIST_KEY_UISupportedInterfaceOrientations_iPad = "UIInterfaceOrientationLandscapeLeft UIInterfaceOrientationLandscapeRight UIInterfaceOrientationPortrait UIInterfaceOrientationPortraitUpsideDown";
				IPHONEOS_DEPLOYMENT_TARGET = 18.0;
				LD_RUNPATH_SEARCH_PATHS = "@executable_path/Frameworks";
				"LD_RUNPATH_SEARCH_PATHS[sdk=macosx*]" = "@executable_path/../Frameworks";
				MACOSX_DEPLOYMENT_TARGET = 15.5;
				MARKETING_VERSION = 1.0;
				PRODUCT_BUNDLE_IDENTIFIER = com.geoffroy.TestLydia;
				PRODUCT_NAME = "$(TARGET_NAME)";
				REGISTER_APP_GROUPS = YES;
				SDKROOT = auto;
				SUPPORTED_PLATFORMS = "iphoneos iphonesimulator";
				SUPPORTS_MACCATALYST = NO;
				SWIFT_EMIT_LOC_STRINGS = YES;
				SWIFT_OPTIMIZATION_LEVEL = "-Onone";
				SWIFT_VERSION = 5.0;
				TARGETED_DEVICE_FAMILY = 1;
				XROS_DEPLOYMENT_TARGET = 2.5;
			};
			name = Debug;
		};
		E9FB94252E0C1BAF00196680 /* Release */ = {
			isa = XCBuildConfiguration;
			buildSettings = {
				ASSETCATALOG_COMPILER_APPICON_NAME = AppIcon;
				ASSETCATALOG_COMPILER_GLOBAL_ACCENT_COLOR_NAME = AccentColor;
				CLANG_ENABLE_MODULES = YES;
				CODE_SIGN_ENTITLEMENTS = TestLydia/TestLydia.entitlements;
				CODE_SIGN_STYLE = Automatic;
				CURRENT_PROJECT_VERSION = 1;
				DEAD_CODE_STRIPPING = YES;
				DEVELOPMENT_TEAM = 868NW64LNM;
				ENABLE_HARDENED_RUNTIME = NO;
				ENABLE_PREVIEWS = YES;
				GENERATE_INFOPLIST_FILE = YES;
				"INFOPLIST_KEY_UIApplicationSupportsIndirectInputEvents[sdk=iphoneos*]" = YES;
				"INFOPLIST_KEY_UIApplicationSupportsIndirectInputEvents[sdk=iphonesimulator*]" = YES;
				"INFOPLIST_KEY_UILaunchScreen_Generation[sdk=iphoneos*]" = YES;
				"INFOPLIST_KEY_UILaunchScreen_Generation[sdk=iphonesimulator*]" = YES;
				"INFOPLIST_KEY_UIStatusBarStyle[sdk=iphoneos*]" = UIStatusBarStyleDefault;
				"INFOPLIST_KEY_UIStatusBarStyle[sdk=iphonesimulator*]" = UIStatusBarStyleDefault;
				INFOPLIST_KEY_UISupportedInterfaceOrientations = UIInterfaceOrientationPortrait;
				INFOPLIST_KEY_UISupportedInterfaceOrientations_iPad = "UIInterfaceOrientationLandscapeLeft UIInterfaceOrientationLandscapeRight UIInterfaceOrientationPortrait UIInterfaceOrientationPortraitUpsideDown";
				IPHONEOS_DEPLOYMENT_TARGET = 18.0;
				LD_RUNPATH_SEARCH_PATHS = "@executable_path/Frameworks";
				"LD_RUNPATH_SEARCH_PATHS[sdk=macosx*]" = "@executable_path/../Frameworks";
				MACOSX_DEPLOYMENT_TARGET = 15.5;
				MARKETING_VERSION = 1.0;
				PRODUCT_BUNDLE_IDENTIFIER = com.geoffroy.TestLydia;
				PRODUCT_NAME = "$(TARGET_NAME)";
				REGISTER_APP_GROUPS = YES;
				SDKROOT = auto;
				SUPPORTED_PLATFORMS = "iphoneos iphonesimulator";
				SUPPORTS_MACCATALYST = NO;
				SWIFT_EMIT_LOC_STRINGS = YES;
				SWIFT_VERSION = 5.0;
				TARGETED_DEVICE_FAMILY = 1;
				XROS_DEPLOYMENT_TARGET = 2.5;
			};
			name = Release;
		};
		E9FB94272E0C1BAF00196680 /* Debug */ = {
			isa = XCBuildConfiguration;
			buildSettings = {
				BUNDLE_LOADER = "$(TEST_HOST)";
				CODE_SIGN_STYLE = Automatic;
				CURRENT_PROJECT_VERSION = 1;
				DEAD_CODE_STRIPPING = YES;
				DEVELOPMENT_TEAM = 868NW64LNM;
				GENERATE_INFOPLIST_FILE = YES;
				IPHONEOS_DEPLOYMENT_TARGET = 18.0;
				MACOSX_DEPLOYMENT_TARGET = 15.5;
				MARKETING_VERSION = 1.0;
				PRODUCT_BUNDLE_IDENTIFIER = com.geoffroy.TestLydiaTests;
				PRODUCT_NAME = "$(TARGET_NAME)";
				SDKROOT = auto;
				SUPPORTED_PLATFORMS = "iphoneos iphonesimulator";
				SUPPORTS_MACCATALYST = NO;
				SWIFT_EMIT_LOC_STRINGS = NO;
				SWIFT_VERSION = 5.0;
				TARGETED_DEVICE_FAMILY = 1;
				TEST_HOST = "$(BUILT_PRODUCTS_DIR)/TestLydia.app/$(BUNDLE_EXECUTABLE_FOLDER_PATH)/TestLydia";
				XROS_DEPLOYMENT_TARGET = 2.5;
			};
			name = Debug;
		};
		E9FB94282E0C1BAF00196680 /* Release */ = {
			isa = XCBuildConfiguration;
			buildSettings = {
				BUNDLE_LOADER = "$(TEST_HOST)";
				CODE_SIGN_STYLE = Automatic;
				CURRENT_PROJECT_VERSION = 1;
				DEAD_CODE_STRIPPING = YES;
				DEVELOPMENT_TEAM = 868NW64LNM;
				GENERATE_INFOPLIST_FILE = YES;
				IPHONEOS_DEPLOYMENT_TARGET = 18.0;
				MACOSX_DEPLOYMENT_TARGET = 15.5;
				MARKETING_VERSION = 1.0;
				PRODUCT_BUNDLE_IDENTIFIER = com.geoffroy.TestLydiaTests;
				PRODUCT_NAME = "$(TARGET_NAME)";
				SDKROOT = auto;
				SUPPORTED_PLATFORMS = "iphoneos iphonesimulator";
				SUPPORTS_MACCATALYST = NO;
				SWIFT_EMIT_LOC_STRINGS = NO;
				SWIFT_VERSION = 5.0;
				TARGETED_DEVICE_FAMILY = 1;
				TEST_HOST = "$(BUILT_PRODUCTS_DIR)/TestLydia.app/$(BUNDLE_EXECUTABLE_FOLDER_PATH)/TestLydia";
				XROS_DEPLOYMENT_TARGET = 2.5;
			};
			name = Release;
		};
		E9FB942A2E0C1BAF00196680 /* Debug */ = {
			isa = XCBuildConfiguration;
			buildSettings = {
				CODE_SIGN_STYLE = Automatic;
				CURRENT_PROJECT_VERSION = 1;
				DEAD_CODE_STRIPPING = YES;
				DEVELOPMENT_TEAM = 868NW64LNM;
				GENERATE_INFOPLIST_FILE = YES;
				IPHONEOS_DEPLOYMENT_TARGET = 18.0;
				MACOSX_DEPLOYMENT_TARGET = 15.5;
				MARKETING_VERSION = 1.0;
				PRODUCT_BUNDLE_IDENTIFIER = com.geoffroy.TestLydiaUITests;
				PRODUCT_NAME = "$(TARGET_NAME)";
				SDKROOT = auto;
				SUPPORTED_PLATFORMS = "iphoneos iphonesimulator";
				SUPPORTS_MACCATALYST = NO;
				SWIFT_EMIT_LOC_STRINGS = NO;
				SWIFT_VERSION = 5.0;
				TARGETED_DEVICE_FAMILY = 1;
				TEST_TARGET_NAME = TestLydia;
				XROS_DEPLOYMENT_TARGET = 2.5;
			};
			name = Debug;
		};
		E9FB942B2E0C1BAF00196680 /* Release */ = {
			isa = XCBuildConfiguration;
			buildSettings = {
				CODE_SIGN_STYLE = Automatic;
				CURRENT_PROJECT_VERSION = 1;
				DEAD_CODE_STRIPPING = YES;
				DEVELOPMENT_TEAM = 868NW64LNM;
				GENERATE_INFOPLIST_FILE = YES;
				IPHONEOS_DEPLOYMENT_TARGET = 18.0;
				MACOSX_DEPLOYMENT_TARGET = 15.5;
				MARKETING_VERSION = 1.0;
				PRODUCT_BUNDLE_IDENTIFIER = com.geoffroy.TestLydiaUITests;
				PRODUCT_NAME = "$(TARGET_NAME)";
				SDKROOT = auto;
				SUPPORTED_PLATFORMS = "iphoneos iphonesimulator";
				SUPPORTS_MACCATALYST = NO;
				SWIFT_EMIT_LOC_STRINGS = NO;
				SWIFT_VERSION = 5.0;
				TARGETED_DEVICE_FAMILY = 1;
				TEST_TARGET_NAME = TestLydia;
				XROS_DEPLOYMENT_TARGET = 2.5;
			};
			name = Release;
		};
/* End XCBuildConfiguration section */

/* Begin XCConfigurationList section */
		E9FB93FC2E0C1BAE00196680 /* Build configuration list for PBXProject "TestLydia" */ = {
			isa = XCConfigurationList;
			buildConfigurations = (
				E9FB94212E0C1BAF00196680 /* Debug */,
				E9FB94222E0C1BAF00196680 /* Release */,
			);
			defaultConfigurationIsVisible = 0;
			defaultConfigurationName = Release;
		};
		E9FB94232E0C1BAF00196680 /* Build configuration list for PBXNativeTarget "TestLydia" */ = {
			isa = XCConfigurationList;
			buildConfigurations = (
				E9FB94242E0C1BAF00196680 /* Debug */,
				E9FB94252E0C1BAF00196680 /* Release */,
			);
			defaultConfigurationIsVisible = 0;
			defaultConfigurationName = Release;
		};
		E9FB94262E0C1BAF00196680 /* Build configuration list for PBXNativeTarget "TestLydiaTests" */ = {
			isa = XCConfigurationList;
			buildConfigurations = (
				E9FB94272E0C1BAF00196680 /* Debug */,
				E9FB94282E0C1BAF00196680 /* Release */,
			);
			defaultConfigurationIsVisible = 0;
			defaultConfigurationName = Release;
		};
		E9FB94292E0C1BAF00196680 /* Build configuration list for PBXNativeTarget "TestLydiaUITests" */ = {
			isa = XCConfigurationList;
			buildConfigurations = (
				E9FB942A2E0C1BAF00196680 /* Debug */,
				E9FB942B2E0C1BAF00196680 /* Release */,
			);
			defaultConfigurationIsVisible = 0;
			defaultConfigurationName = Release;
		};
/* End XCConfigurationList section */

/* Begin XCRemoteSwiftPackageReference section */
		E97CFF172E0C40D200A1C965 /* XCRemoteSwiftPackageReference "Factory" */ = {
			isa = XCRemoteSwiftPackageReference;
			repositoryURL = "https://github.com/hmlongco/Factory";
			requirement = {
				kind = upToNextMajorVersion;
				minimumVersion = 2.5.3;
			};
		};
/* End XCRemoteSwiftPackageReference section */

/* Begin XCSwiftPackageProductDependency section */
		E97CFF1B2E0C446900A1C965 /* FactoryKit */ = {
			isa = XCSwiftPackageProductDependency;
			package = E97CFF172E0C40D200A1C965 /* XCRemoteSwiftPackageReference "Factory" */;
			productName = FactoryKit;
		};
		E9E5588F2E0F3E3D0060C501 /* FactoryKit */ = {
			isa = XCSwiftPackageProductDependency;
			package = E97CFF172E0C40D200A1C965 /* XCRemoteSwiftPackageReference "Factory" */;
			productName = FactoryKit;
		};
		E9E558912E0F3E410060C501 /* FactoryKit */ = {
			isa = XCSwiftPackageProductDependency;
			package = E97CFF172E0C40D200A1C965 /* XCRemoteSwiftPackageReference "Factory" */;
			productName = FactoryKit;
		};
/* End XCSwiftPackageProductDependency section */
	};
	rootObject = E9FB93F92E0C1BAE00196680 /* Project object */;
}
